
Microsoft Visual Studio Solution File, Format Version 12.00
# Visual Studio Version 16
VisualStudioVersion = 16.0.28729.10
MinimumVisualStudioVersion = 10.0.40219.1
Project("{8BC9CEB8-8B4A-11D0-8D11-00A0C91BC942}") = "innative", "innative\innative.vcxproj", "{8B15928A-757D-4280-B90F-4D4E90D37F60}"
	ProjectSection(ProjectDependencies) = postProject
		{54E92032-38A6-4069-8189-2B27995700E0} = {54E92032-38A6-4069-8189-2B27995700E0}
	EndProjectSection
EndProject
Project("{8BC9CEB8-8B4A-11D0-8D11-00A0C91BC942}") = "innative-loader", "innative-loader\innative-loader.vcxproj", "{2E61191B-5993-45A1-8E01-E8069D8B05C2}"
	ProjectSection(ProjectDependencies) = postProject
		{54E92032-38A6-4069-8189-2B27995700E0} = {54E92032-38A6-4069-8189-2B27995700E0}
		{8B15928A-757D-4280-B90F-4D4E90D37F60} = {8B15928A-757D-4280-B90F-4D4E90D37F60}
		{A47F55B9-D5E3-4EA1-B180-CDD1E7C8F378} = {A47F55B9-D5E3-4EA1-B180-CDD1E7C8F378}
	EndProjectSection
EndProject
Project("{8BC9CEB8-8B4A-11D0-8D11-00A0C91BC942}") = "innative-stub", "innative-stub\innative-stub.vcxproj", "{A47F55B9-D5E3-4EA1-B180-CDD1E7C8F378}"
EndProject
Project("{8BC9CEB8-8B4A-11D0-8D11-00A0C91BC942}") = "innative-env", "innative-env\innative-env.vcxproj", "{54E92032-38A6-4069-8189-2B27995700E0}"
EndProject
Project("{8BC9CEB8-8B4A-11D0-8D11-00A0C91BC942}") = "innative-cmd", "innative-cmd\innative-cmd.vcxproj", "{3538D7CC-7D47-421E-A80B-9BD53EA0F1B1}"
	ProjectSection(ProjectDependencies) = postProject
		{8B15928A-757D-4280-B90F-4D4E90D37F60} = {8B15928A-757D-4280-B90F-4D4E90D37F60}
	EndProjectSection
EndProject
Project("{911E67C6-3D85-4FCE-B560-20A9C3E3FF48}") = "out", "innative-cmd\out.exe", "{1A81C317-9409-4516-A5B4-425A970C6917}"
	ProjectSection(DebuggerProjectSystem) = preProject
		PortSupplier = 00000000-0000-0000-0000-000000000000
		Executable = D:\Erik Documents\Visual Studio 2017\Projects\innative\innative-cmd\out.exe
		RemoteMachine = ERIKWIN10
		StartingDirectory = D:\Erik Documents\Visual Studio 2017\Projects\innative\innative-cmd
		Environment = Default
		LaunchingEngine = 00000000-0000-0000-0000-000000000000
		UseLegacyDebugEngines = No
		LaunchSQLEngine = No
		AttachLaunchAction = No
	EndProjectSection
EndProject
Project("{8BC9CEB8-8B4A-11D0-8D11-00A0C91BC942}") = "innative-test", "innative-test\innative-test.vcxproj", "{EAC0DE14-E009-4D17-B58B-F8554F6C27FA}"
	ProjectSection(ProjectDependencies) = postProject
		{54E92032-38A6-4069-8189-2B27995700E0} = {54E92032-38A6-4069-8189-2B27995700E0}
		{6C842C74-ABF7-449D-A75B-768DC0448479} = {6C842C74-ABF7-449D-A75B-768DC0448479}
		{8B15928A-757D-4280-B90F-4D4E90D37F60} = {8B15928A-757D-4280-B90F-4D4E90D37F60}
		{D5EB5F8C-1ABB-45FA-85D0-0E29D47E30BC} = {D5EB5F8C-1ABB-45FA-85D0-0E29D47E30BC}
	EndProjectSection
EndProject
Project("{930C7802-8A8C-48F9-8165-68863BCCD9DD}") = "innative-sdk-setup", "innative-sdk-setup\innative-sdk-setup.wixproj", "{3F0D37F9-9902-4766-9D2C-0F4BC94CE86A}"
EndProject
Project("{930C7802-8A8C-48F9-8165-68863BCCD9DD}") = "innative-runtime-setup", "innative-runtime-setup\innative-runtime-setup.wixproj", "{1D10E371-391D-4147-8DEC-28250ADB318A}"
EndProject
Project("{8BC9CEB8-8B4A-11D0-8D11-00A0C91BC942}") = "innative-test-embedding", "innative-test-embedding\innative-test-embedding.vcxproj", "{D5EB5F8C-1ABB-45FA-85D0-0E29D47E30BC}"
EndProject
Project("{8BC9CEB8-8B4A-11D0-8D11-00A0C91BC942}") = "innative-assemblyscript", "innative-assemblyscript\innative-assemblyscript.vcxproj", "{6C842C74-ABF7-449D-A75B-768DC0448479}"
EndProject
Global
	GlobalSection(SolutionConfigurationPlatforms) = preSolution
		Debug Static|x64 = Debug Static|x64
		Debug Static|x86 = Debug Static|x86
		Debug|x64 = Debug|x64
		Debug|x86 = Debug|x86
		Release Static|x64 = Release Static|x64
		Release Static|x86 = Release Static|x86
		Release|x64 = Release|x64
		Release|x86 = Release|x86
	EndGlobalSection
	GlobalSection(ProjectConfigurationPlatforms) = postSolution
		{8B15928A-757D-4280-B90F-4D4E90D37F60}.Debug Static|x64.ActiveCfg = Debug Static|x64
		{8B15928A-757D-4280-B90F-4D4E90D37F60}.Debug Static|x64.Build.0 = Debug Static|x64
		{8B15928A-757D-4280-B90F-4D4E90D37F60}.Debug Static|x86.ActiveCfg = Debug Static|Win32
		{8B15928A-757D-4280-B90F-4D4E90D37F60}.Debug Static|x86.Build.0 = Debug Static|Win32
		{8B15928A-757D-4280-B90F-4D4E90D37F60}.Debug|x64.ActiveCfg = Debug|x64
		{8B15928A-757D-4280-B90F-4D4E90D37F60}.Debug|x64.Build.0 = Debug|x64
		{8B15928A-757D-4280-B90F-4D4E90D37F60}.Debug|x86.ActiveCfg = Debug|Win32
		{8B15928A-757D-4280-B90F-4D4E90D37F60}.Debug|x86.Build.0 = Debug|Win32
		{8B15928A-757D-4280-B90F-4D4E90D37F60}.Release Static|x64.ActiveCfg = Release Static|x64
		{8B15928A-757D-4280-B90F-4D4E90D37F60}.Release Static|x64.Build.0 = Release Static|x64
		{8B15928A-757D-4280-B90F-4D4E90D37F60}.Release Static|x86.ActiveCfg = Release Static|Win32
		{8B15928A-757D-4280-B90F-4D4E90D37F60}.Release Static|x86.Build.0 = Release Static|Win32
		{8B15928A-757D-4280-B90F-4D4E90D37F60}.Release|x64.ActiveCfg = Release|x64
		{8B15928A-757D-4280-B90F-4D4E90D37F60}.Release|x64.Build.0 = Release|x64
		{8B15928A-757D-4280-B90F-4D4E90D37F60}.Release|x86.ActiveCfg = Release|Win32
		{8B15928A-757D-4280-B90F-4D4E90D37F60}.Release|x86.Build.0 = Release|Win32
		{2E61191B-5993-45A1-8E01-E8069D8B05C2}.Debug Static|x64.ActiveCfg = Debug Static|x64
		{2E61191B-5993-45A1-8E01-E8069D8B05C2}.Debug Static|x64.Build.0 = Debug Static|x64
		{2E61191B-5993-45A1-8E01-E8069D8B05C2}.Debug Static|x86.ActiveCfg = Debug Static|Win32
		{2E61191B-5993-45A1-8E01-E8069D8B05C2}.Debug Static|x86.Build.0 = Debug Static|Win32
		{2E61191B-5993-45A1-8E01-E8069D8B05C2}.Debug|x64.ActiveCfg = Debug|x64
		{2E61191B-5993-45A1-8E01-E8069D8B05C2}.Debug|x64.Build.0 = Debug|x64
		{2E61191B-5993-45A1-8E01-E8069D8B05C2}.Debug|x86.ActiveCfg = Debug|Win32
		{2E61191B-5993-45A1-8E01-E8069D8B05C2}.Debug|x86.Build.0 = Debug|Win32
		{2E61191B-5993-45A1-8E01-E8069D8B05C2}.Release Static|x64.ActiveCfg = Release Static|x64
		{2E61191B-5993-45A1-8E01-E8069D8B05C2}.Release Static|x64.Build.0 = Release Static|x64
		{2E61191B-5993-45A1-8E01-E8069D8B05C2}.Release Static|x86.ActiveCfg = Release Static|Win32
		{2E61191B-5993-45A1-8E01-E8069D8B05C2}.Release Static|x86.Build.0 = Release Static|Win32
		{2E61191B-5993-45A1-8E01-E8069D8B05C2}.Release|x64.ActiveCfg = Release|x64
		{2E61191B-5993-45A1-8E01-E8069D8B05C2}.Release|x64.Build.0 = Release|x64
		{2E61191B-5993-45A1-8E01-E8069D8B05C2}.Release|x86.ActiveCfg = Release|Win32
		{2E61191B-5993-45A1-8E01-E8069D8B05C2}.Release|x86.Build.0 = Release|Win32
		{A47F55B9-D5E3-4EA1-B180-CDD1E7C8F378}.Debug Static|x64.ActiveCfg = Debug|x64
		{A47F55B9-D5E3-4EA1-B180-CDD1E7C8F378}.Debug Static|x64.Build.0 = Debug|x64
		{A47F55B9-D5E3-4EA1-B180-CDD1E7C8F378}.Debug Static|x86.ActiveCfg = Debug|Win32
		{A47F55B9-D5E3-4EA1-B180-CDD1E7C8F378}.Debug Static|x86.Build.0 = Debug|Win32
		{A47F55B9-D5E3-4EA1-B180-CDD1E7C8F378}.Debug|x64.ActiveCfg = Debug|x64
		{A47F55B9-D5E3-4EA1-B180-CDD1E7C8F378}.Debug|x64.Build.0 = Debug|x64
		{A47F55B9-D5E3-4EA1-B180-CDD1E7C8F378}.Debug|x86.ActiveCfg = Debug|Win32
		{A47F55B9-D5E3-4EA1-B180-CDD1E7C8F378}.Debug|x86.Build.0 = Debug|Win32
		{A47F55B9-D5E3-4EA1-B180-CDD1E7C8F378}.Release Static|x64.ActiveCfg = Release|x64
		{A47F55B9-D5E3-4EA1-B180-CDD1E7C8F378}.Release Static|x64.Build.0 = Release|x64
		{A47F55B9-D5E3-4EA1-B180-CDD1E7C8F378}.Release Static|x86.ActiveCfg = Release|Win32
		{A47F55B9-D5E3-4EA1-B180-CDD1E7C8F378}.Release Static|x86.Build.0 = Release|Win32
		{A47F55B9-D5E3-4EA1-B180-CDD1E7C8F378}.Release|x64.ActiveCfg = Release|x64
		{A47F55B9-D5E3-4EA1-B180-CDD1E7C8F378}.Release|x64.Build.0 = Release|x64
		{A47F55B9-D5E3-4EA1-B180-CDD1E7C8F378}.Release|x86.ActiveCfg = Release|Win32
		{A47F55B9-D5E3-4EA1-B180-CDD1E7C8F378}.Release|x86.Build.0 = Release|Win32
		{54E92032-38A6-4069-8189-2B27995700E0}.Debug Static|x64.ActiveCfg = Debug|x64
		{54E92032-38A6-4069-8189-2B27995700E0}.Debug Static|x64.Build.0 = Debug|x64
		{54E92032-38A6-4069-8189-2B27995700E0}.Debug Static|x86.ActiveCfg = Debug|Win32
		{54E92032-38A6-4069-8189-2B27995700E0}.Debug Static|x86.Build.0 = Debug|Win32
		{54E92032-38A6-4069-8189-2B27995700E0}.Debug|x64.ActiveCfg = Debug|x64
		{54E92032-38A6-4069-8189-2B27995700E0}.Debug|x64.Build.0 = Debug|x64
		{54E92032-38A6-4069-8189-2B27995700E0}.Debug|x86.ActiveCfg = Debug|Win32
		{54E92032-38A6-4069-8189-2B27995700E0}.Debug|x86.Build.0 = Debug|Win32
		{54E92032-38A6-4069-8189-2B27995700E0}.Release Static|x64.ActiveCfg = Release|x64
		{54E92032-38A6-4069-8189-2B27995700E0}.Release Static|x64.Build.0 = Release|x64
		{54E92032-38A6-4069-8189-2B27995700E0}.Release Static|x86.ActiveCfg = Release|Win32
		{54E92032-38A6-4069-8189-2B27995700E0}.Release Static|x86.Build.0 = Release|Win32
		{54E92032-38A6-4069-8189-2B27995700E0}.Release|x64.ActiveCfg = Release|x64
		{54E92032-38A6-4069-8189-2B27995700E0}.Release|x64.Build.0 = Release|x64
		{54E92032-38A6-4069-8189-2B27995700E0}.Release|x86.ActiveCfg = Release|Win32
		{54E92032-38A6-4069-8189-2B27995700E0}.Release|x86.Build.0 = Release|Win32
		{3538D7CC-7D47-421E-A80B-9BD53EA0F1B1}.Debug Static|x64.ActiveCfg = Debug Static|x64
		{3538D7CC-7D47-421E-A80B-9BD53EA0F1B1}.Debug Static|x64.Build.0 = Debug Static|x64
		{3538D7CC-7D47-421E-A80B-9BD53EA0F1B1}.Debug Static|x86.ActiveCfg = Debug Static|Win32
		{3538D7CC-7D47-421E-A80B-9BD53EA0F1B1}.Debug Static|x86.Build.0 = Debug Static|Win32
		{3538D7CC-7D47-421E-A80B-9BD53EA0F1B1}.Debug|x64.ActiveCfg = Debug|x64
		{3538D7CC-7D47-421E-A80B-9BD53EA0F1B1}.Debug|x64.Build.0 = Debug|x64
		{3538D7CC-7D47-421E-A80B-9BD53EA0F1B1}.Debug|x86.ActiveCfg = Debug|Win32
		{3538D7CC-7D47-421E-A80B-9BD53EA0F1B1}.Debug|x86.Build.0 = Debug|Win32
		{3538D7CC-7D47-421E-A80B-9BD53EA0F1B1}.Release Static|x64.ActiveCfg = Release Static|x64
		{3538D7CC-7D47-421E-A80B-9BD53EA0F1B1}.Release Static|x64.Build.0 = Release Static|x64
		{3538D7CC-7D47-421E-A80B-9BD53EA0F1B1}.Release Static|x86.ActiveCfg = Release Static|Win32
		{3538D7CC-7D47-421E-A80B-9BD53EA0F1B1}.Release Static|x86.Build.0 = Release Static|Win32
		{3538D7CC-7D47-421E-A80B-9BD53EA0F1B1}.Release|x64.ActiveCfg = Release|x64
		{3538D7CC-7D47-421E-A80B-9BD53EA0F1B1}.Release|x64.Build.0 = Release|x64
		{3538D7CC-7D47-421E-A80B-9BD53EA0F1B1}.Release|x86.ActiveCfg = Release|Win32
		{3538D7CC-7D47-421E-A80B-9BD53EA0F1B1}.Release|x86.Build.0 = Release|Win32
		{1A81C317-9409-4516-A5B4-425A970C6917}.Debug Static|x64.ActiveCfg = Release
		{1A81C317-9409-4516-A5B4-425A970C6917}.Debug Static|x86.ActiveCfg = Release
		{1A81C317-9409-4516-A5B4-425A970C6917}.Debug|x64.ActiveCfg = Release
		{1A81C317-9409-4516-A5B4-425A970C6917}.Debug|x86.ActiveCfg = Release
		{1A81C317-9409-4516-A5B4-425A970C6917}.Release Static|x64.ActiveCfg = Release
		{1A81C317-9409-4516-A5B4-425A970C6917}.Release Static|x86.ActiveCfg = Release
		{1A81C317-9409-4516-A5B4-425A970C6917}.Release|x64.ActiveCfg = Release
		{1A81C317-9409-4516-A5B4-425A970C6917}.Release|x86.ActiveCfg = Release
		{EAC0DE14-E009-4D17-B58B-F8554F6C27FA}.Debug Static|x64.ActiveCfg = Debug Static|x64
		{EAC0DE14-E009-4D17-B58B-F8554F6C27FA}.Debug Static|x64.Build.0 = Debug Static|x64
		{EAC0DE14-E009-4D17-B58B-F8554F6C27FA}.Debug Static|x86.ActiveCfg = Debug Static|Win32
		{EAC0DE14-E009-4D17-B58B-F8554F6C27FA}.Debug Static|x86.Build.0 = Debug Static|Win32
		{EAC0DE14-E009-4D17-B58B-F8554F6C27FA}.Debug|x64.ActiveCfg = Debug|x64
		{EAC0DE14-E009-4D17-B58B-F8554F6C27FA}.Debug|x64.Build.0 = Debug|x64
		{EAC0DE14-E009-4D17-B58B-F8554F6C27FA}.Debug|x86.ActiveCfg = Debug|Win32
		{EAC0DE14-E009-4D17-B58B-F8554F6C27FA}.Debug|x86.Build.0 = Debug|Win32
		{EAC0DE14-E009-4D17-B58B-F8554F6C27FA}.Release Static|x64.ActiveCfg = Release Static|x64
		{EAC0DE14-E009-4D17-B58B-F8554F6C27FA}.Release Static|x64.Build.0 = Release Static|x64
		{EAC0DE14-E009-4D17-B58B-F8554F6C27FA}.Release Static|x86.ActiveCfg = Release Static|Win32
		{EAC0DE14-E009-4D17-B58B-F8554F6C27FA}.Release Static|x86.Build.0 = Release Static|Win32
		{EAC0DE14-E009-4D17-B58B-F8554F6C27FA}.Release|x64.ActiveCfg = Release|x64
		{EAC0DE14-E009-4D17-B58B-F8554F6C27FA}.Release|x64.Build.0 = Release|x64
		{EAC0DE14-E009-4D17-B58B-F8554F6C27FA}.Release|x86.ActiveCfg = Release|Win32
		{EAC0DE14-E009-4D17-B58B-F8554F6C27FA}.Release|x86.Build.0 = Release|Win32
		{3F0D37F9-9902-4766-9D2C-0F4BC94CE86A}.Debug Static|x64.ActiveCfg = Debug|x64
		{3F0D37F9-9902-4766-9D2C-0F4BC94CE86A}.Debug Static|x86.ActiveCfg = Debug|x86
		{3F0D37F9-9902-4766-9D2C-0F4BC94CE86A}.Debug|x64.ActiveCfg = Debug|x64
		{3F0D37F9-9902-4766-9D2C-0F4BC94CE86A}.Debug|x86.ActiveCfg = Debug|x86
		{3F0D37F9-9902-4766-9D2C-0F4BC94CE86A}.Release Static|x64.ActiveCfg = Release|x64
		{3F0D37F9-9902-4766-9D2C-0F4BC94CE86A}.Release Static|x86.ActiveCfg = Release|x86
		{3F0D37F9-9902-4766-9D2C-0F4BC94CE86A}.Release|x64.ActiveCfg = Release|x64
		{3F0D37F9-9902-4766-9D2C-0F4BC94CE86A}.Release|x86.ActiveCfg = Release|x86
		{1D10E371-391D-4147-8DEC-28250ADB318A}.Debug Static|x64.ActiveCfg = Debug|x64
		{1D10E371-391D-4147-8DEC-28250ADB318A}.Debug Static|x86.ActiveCfg = Debug|x86
		{1D10E371-391D-4147-8DEC-28250ADB318A}.Debug|x64.ActiveCfg = Debug|x64
		{1D10E371-391D-4147-8DEC-28250ADB318A}.Debug|x86.ActiveCfg = Debug|x86
		{1D10E371-391D-4147-8DEC-28250ADB318A}.Release Static|x64.ActiveCfg = Release|x64
		{1D10E371-391D-4147-8DEC-28250ADB318A}.Release Static|x86.ActiveCfg = Release|x86
		{1D10E371-391D-4147-8DEC-28250ADB318A}.Release|x64.ActiveCfg = Release|x64
		{1D10E371-391D-4147-8DEC-28250ADB318A}.Release|x86.ActiveCfg = Release|x86
		{D5EB5F8C-1ABB-45FA-85D0-0E29D47E30BC}.Debug Static|x64.ActiveCfg = Debug|x64
		{D5EB5F8C-1ABB-45FA-85D0-0E29D47E30BC}.Debug Static|x64.Build.0 = Debug|x64
		{D5EB5F8C-1ABB-45FA-85D0-0E29D47E30BC}.Debug Static|x86.ActiveCfg = Debug|Win32
		{D5EB5F8C-1ABB-45FA-85D0-0E29D47E30BC}.Debug Static|x86.Build.0 = Debug|Win32
		{D5EB5F8C-1ABB-45FA-85D0-0E29D47E30BC}.Debug|x64.ActiveCfg = Debug|x64
		{D5EB5F8C-1ABB-45FA-85D0-0E29D47E30BC}.Debug|x64.Build.0 = Debug|x64
		{D5EB5F8C-1ABB-45FA-85D0-0E29D47E30BC}.Debug|x86.ActiveCfg = Debug|Win32
		{D5EB5F8C-1ABB-45FA-85D0-0E29D47E30BC}.Debug|x86.Build.0 = Debug|Win32
		{D5EB5F8C-1ABB-45FA-85D0-0E29D47E30BC}.Release Static|x64.ActiveCfg = Release|x64
		{D5EB5F8C-1ABB-45FA-85D0-0E29D47E30BC}.Release Static|x64.Build.0 = Release|x64
		{D5EB5F8C-1ABB-45FA-85D0-0E29D47E30BC}.Release Static|x86.ActiveCfg = Release|Win32
		{D5EB5F8C-1ABB-45FA-85D0-0E29D47E30BC}.Release Static|x86.Build.0 = Release|Win32
		{D5EB5F8C-1ABB-45FA-85D0-0E29D47E30BC}.Release|x64.ActiveCfg = Release|x64
		{D5EB5F8C-1ABB-45FA-85D0-0E29D47E30BC}.Release|x64.Build.0 = Release|x64
		{D5EB5F8C-1ABB-45FA-85D0-0E29D47E30BC}.Release|x86.ActiveCfg = Release|Win32
		{D5EB5F8C-1ABB-45FA-85D0-0E29D47E30BC}.Release|x86.Build.0 = Release|Win32
		{6C842C74-ABF7-449D-A75B-768DC0448479}.Debug Static|x64.ActiveCfg = Debug|x64
		{6C842C74-ABF7-449D-A75B-768DC0448479}.Debug Static|x64.Build.0 = Debug|x64
		{6C842C74-ABF7-449D-A75B-768DC0448479}.Debug Static|x86.ActiveCfg = Debug|Win32
		{6C842C74-ABF7-449D-A75B-768DC0448479}.Debug Static|x86.Build.0 = Debug|Win32
		{6C842C74-ABF7-449D-A75B-768DC0448479}.Debug|x64.ActiveCfg = Debug|x64
		{6C842C74-ABF7-449D-A75B-768DC0448479}.Debug|x64.Build.0 = Debug|x64
		{6C842C74-ABF7-449D-A75B-768DC0448479}.Debug|x86.ActiveCfg = Debug|Win32
		{6C842C74-ABF7-449D-A75B-768DC0448479}.Debug|x86.Build.0 = Debug|Win32
		{6C842C74-ABF7-449D-A75B-768DC0448479}.Release Static|x64.ActiveCfg = Release|x64
		{6C842C74-ABF7-449D-A75B-768DC0448479}.Release Static|x64.Build.0 = Release|x64
		{6C842C74-ABF7-449D-A75B-768DC0448479}.Release Static|x86.ActiveCfg = Release|Win32
		{6C842C74-ABF7-449D-A75B-768DC0448479}.Release Static|x86.Build.0 = Release|Win32
		{6C842C74-ABF7-449D-A75B-768DC0448479}.Release|x64.ActiveCfg = Release|x64
		{6C842C74-ABF7-449D-A75B-768DC0448479}.Release|x64.Build.0 = Release|x64
		{6C842C74-ABF7-449D-A75B-768DC0448479}.Release|x86.ActiveCfg = Release|Win32
		{6C842C74-ABF7-449D-A75B-768DC0448479}.Release|x86.Build.0 = Release|Win32
	EndGlobalSection
	GlobalSection(SolutionProperties) = preSolution
		HideSolutionNode = FALSE
	EndGlobalSection
	GlobalSection(ExtensibilityGlobals) = postSolution
		SolutionGuid = {51322B4A-F0C9-4132-9C3F-ED61FC23CB82}
	EndGlobalSection
EndGlobal
