<?xml version="1.0" encoding="utf-8"?>
<Project ToolsVersion="4.0" xmlns="http://schemas.microsoft.com/developer/msbuild/2003">
  <ItemGroup>
    <Filter Include="Source Files">
      <UniqueIdentifier>{4FC737F1-C7A5-4376-A066-2A32D752A2FF}</UniqueIdentifier>
      <Extensions>cpp;c;cc;cxx;def;odl;idl;hpj;bat;asm;asmx</Extensions>
    </Filter>
    <Filter Include="Header Files">
      <UniqueIdentifier>{93995380-89BD-4b04-88EB-625FBE52EBFB}</UniqueIdentifier>
      <Extensions>h;hh;hpp;hxx;hm;inl;inc;ipp;xsd</Extensions>
    </Filter>
    <Filter Include="Resource Files">
      <UniqueIdentifier>{67DA6AB6-F800-4c08-8B7A-83BB121AAD01}</UniqueIdentifier>
      <Extensions>rc;ico;cur;bmp;dlg;rc2;rct;bin;rgs;gif;jpg;jpeg;jpe;resx;tiff;tif;png;wav;mfcribbon-ms</Extensions>
    </Filter>
    <Filter Include="scripts">
      <UniqueIdentifier>{ed35b016-89ec-400e-8b17-65f1e479f245}</UniqueIdentifier>
    </Filter>
  </ItemGroup>
  <ItemGroup>
    <ClCompile Include="test.cpp">
      <Filter>Source Files</Filter>
    </ClCompile>
    <ClCompile Include="test_allocator.cpp">
      <Filter>Source Files</Filter>
    </ClCompile>
    <ClCompile Include="test_environment.cpp">
      <Filter>Source Files</Filter>
    </ClCompile>
    <ClCompile Include="test_queue.cpp">
      <Filter>Source Files</Filter>
    </ClCompile>
    <ClCompile Include="test_stack.cpp">
      <Filter>Source Files</Filter>
    </ClCompile>
    <ClCompile Include="test_stream.cpp">
      <Filter>Source Files</Filter>
    </ClCompile>
    <ClCompile Include="test_util.cpp">
      <Filter>Source Files</Filter>
    </ClCompile>
    <ClCompile Include="benchmark_n-body.cpp">
      <Filter>Source Files</Filter>
    </ClCompile>
    <ClCompile Include="benchmark.cpp">
      <Filter>Source Files</Filter>
    </ClCompile>
    <ClCompile Include="benchmark_fannkuch-redux.cpp">
      <Filter>Source Files</Filter>
    </ClCompile>
    <ClCompile Include="test_parallel_parsing.cpp">
      <Filter>Source Files</Filter>
    </ClCompile>
    <ClCompile Include="..\wasm_malloc.c">
      <Filter>Source Files</Filter>
    </ClCompile>
    <ClCompile Include="test_malloc.cpp">
      <Filter>Source Files</Filter>
    </ClCompile>
    <ClCompile Include="test_harness.cpp">
      <Filter>Source Files</Filter>
    </ClCompile>
    <ClCompile Include="test_serializer.cpp">
      <Filter>Source Files</Filter>
    </ClCompile>
    <ClCompile Include="test_whitelist.cpp">
      <Filter>Source Files</Filter>
    </ClCompile>
    <ClCompile Include="test_embedding.cpp">
      <Filter>Source Files</Filter>
    </ClCompile>
    <ClCompile Include="test_errors.cpp">
      <Filter>Source Files</Filter>
    </ClCompile>
    <ClCompile Include="test_assemblyscript.cpp">
      <Filter>Source Files</Filter>
    </ClCompile>
    <ClCompile Include="test_manual.cpp">
      <Filter>Source Files</Filter>
    </ClCompile>
    <ClCompile Include="benchmark_fib.cpp">
      <Filter>Source Files</Filter>
    </ClCompile>
    <ClCompile Include="test_funcreplace.cpp">
      <Filter>Source Files</Filter>
    </ClCompile>
    <ClCompile Include="test_debug.cpp">
      <Filter>Source Files</Filter>
    </ClCompile>
    <ClCompile Include="debugging.cpp">
      <Filter>Source Files</Filter>
    </ClCompile>
  </ItemGroup>
  <ItemGroup>
    <ClInclude Include="benchmark.h">
      <Filter>Header Files</Filter>
    </ClInclude>
    <ClInclude Include="test.h">
      <Filter>Header Files</Filter>
    </ClInclude>
  </ItemGroup>
  <ItemGroup>
    <ResourceCompile Include="innative-test.rc">
      <Filter>Resource Files</Filter>
    </ResourceCompile>
  </ItemGroup>
  <ItemGroup>
    <None Include="..\scripts\test-h.wat">
      <Filter>scripts</Filter>
    </None>
    <None Include="..\scripts\test-no-op.wat">
      <Filter>scripts</Filter>
    </None>
    <None Include="..\scripts\test-win32-cref.wat">
      <Filter>scripts</Filter>
    </None>
    <None Include="..\scripts\test-win64.wat">
      <Filter>scripts</Filter>
    </None>
    <None Include="..\scripts\test-win64-cref.wat">
      <Filter>scripts</Filter>
    </None>
  </ItemGroup>
</Project>