<?xml version="1.0" encoding="utf-8"?>
<Project ToolsVersion="4.0" xmlns="http://schemas.microsoft.com/developer/msbuild/2003">
  <ItemGroup>
    <Filter Include="Source Files">
      <UniqueIdentifier>{4FC737F1-C7A5-4376-A066-2A32D752A2FF}</UniqueIdentifier>
      <Extensions>cpp;c;cc;cxx;def;odl;idl;hpj;bat;asm;asmx</Extensions>
    </Filter>
    <Filter Include="Header Files">
      <UniqueIdentifier>{93995380-89BD-4b04-88EB-625FBE52EBFB}</UniqueIdentifier>
      <Extensions>h;hh;hpp;hxx;hm;inl;inc;xsd</Extensions>
    </Filter>
    <Filter Include="Resource Files">
      <UniqueIdentifier>{67DA6AB6-F800-4c08-8B7A-83BB121AAD01}</UniqueIdentifier>
      <Extensions>rc;ico;cur;bmp;dlg;rc2;rct;bin;rgs;gif;jpg;jpeg;jpe;resx;tiff;tif;png;wav;mfcribbon-ms</Extensions>
    </Filter>
    <Filter Include="include">
      <UniqueIdentifier>{8be2409b-8ee6-4024-b18e-011db43e071c}</UniqueIdentifier>
    </Filter>
  </ItemGroup>
  <ItemGroup>
    <ClCompile Include="parse.cpp">
      <Filter>Source Files</Filter>
    </ClCompile>
    <ClCompile Include="validate.cpp">
      <Filter>Source Files</Filter>
    </ClCompile>
    <ClCompile Include="compile.cpp">
      <Filter>Source Files</Filter>
    </ClCompile>
    <ClCompile Include="export.cpp">
      <Filter>Source Files</Filter>
    </ClCompile>
    <ClCompile Include="tools.cpp">
      <Filter>Source Files</Filter>
    </ClCompile>
    <ClCompile Include="optimize.cpp">
      <Filter>Source Files</Filter>
    </ClCompile>
    <ClCompile Include="wat.cpp">
      <Filter>Source Files</Filter>
    </ClCompile>
    <ClCompile Include="wast.cpp">
      <Filter>Source Files</Filter>
    </ClCompile>
    <ClCompile Include="stream.cpp">
      <Filter>Source Files</Filter>
    </ClCompile>
    <ClCompile Include="schema.cpp">
      <Filter>Source Files</Filter>
    </ClCompile>
    <ClCompile Include="serialize.cpp">
      <Filter>Source Files</Filter>
    </ClCompile>
    <ClCompile Include="constants.cpp">
      <Filter>Source Files</Filter>
    </ClCompile>
    <ClCompile Include="lexer.cpp">
      <Filter>Source Files</Filter>
    </ClCompile>
    <ClCompile Include="setup.cpp">
      <Filter>Source Files</Filter>
    </ClCompile>
    <ClCompile Include="reverse.cpp">
      <Filter>Source Files</Filter>
    </ClCompile>
    <ClCompile Include="link.cpp">
      <Filter>Source Files</Filter>
    </ClCompile>
    <ClCompile Include="sourcemap.cpp">
      <Filter>Source Files</Filter>
    </ClCompile>
    <ClCompile Include="debug.cpp">
      <Filter>Source Files</Filter>
    </ClCompile>
    <ClCompile Include="debug_wat.cpp">
      <Filter>Source Files</Filter>
    </ClCompile>
    <ClCompile Include="debug_sourcemap.cpp">
      <Filter>Source Files</Filter>
    </ClCompile>
    <ClCompile Include="llvm.cpp">
      <Filter>Source Files</Filter>
    </ClCompile>
    <ClCompile Include="debug_pdb.cpp">
      <Filter>Source Files</Filter>
    </ClCompile>
    <ClCompile Include="debug_dwarf.cpp">
      <Filter>Source Files</Filter>
    </ClCompile>
    <ClCompile Include="dwarf_parser.cpp">
      <Filter>Source Files</Filter>
    </ClCompile>
    <ClCompile Include="intrinsic.cpp">
      <Filter>Source Files</Filter>
    </ClCompile>
    <ClCompile Include="instructions.cpp">
      <Filter>Source Files</Filter>
    </ClCompile>
    <ClCompile Include="utility.cpp">
      <Filter>Source Files</Filter>
    </ClCompile>
  </ItemGroup>
  <ItemGroup>
    <ClInclude Include="..\include\innative\innative.h">
      <Filter>include</Filter>
    </ClInclude>
    <ClInclude Include="parse.h">
      <Filter>Header Files</Filter>
    </ClInclude>
    <ClInclude Include="validate.h">
      <Filter>Header Files</Filter>
    </ClInclude>
    <ClInclude Include="..\include\innative\export.h">
      <Filter>include</Filter>
    </ClInclude>
    <ClInclude Include="..\include\innative\khash.h">
      <Filter>include</Filter>
    </ClInclude>
    <ClInclude Include="..\include\innative\schema.h">
      <Filter>include</Filter>
    </ClInclude>
    <ClInclude Include="stack.h">
      <Filter>Header Files</Filter>
    </ClInclude>
    <ClInclude Include="tools.h">
      <Filter>Header Files</Filter>
    </ClInclude>
    <ClInclude Include="compile.h">
      <Filter>Header Files</Filter>
    </ClInclude>
    <ClInclude Include="optimize.h">
      <Filter>Header Files</Filter>
    </ClInclude>
    <ClInclude Include="wat.h">
      <Filter>Header Files</Filter>
    </ClInclude>
    <ClInclude Include="queue.h">
      <Filter>Header Files</Filter>
    </ClInclude>
    <ClInclude Include="stream.h">
      <Filter>Header Files</Filter>
    </ClInclude>
    <ClInclude Include="wast.h">
      <Filter>Header Files</Filter>
    </ClInclude>
    <ClInclude Include="serialize.h">
      <Filter>Header Files</Filter>
    </ClInclude>
    <ClInclude Include="constants.h">
      <Filter>Header Files</Filter>
    </ClInclude>
    <ClInclude Include="lexer.h">
      <Filter>Header Files</Filter>
    </ClInclude>
    <ClInclude Include="win32.h">
      <Filter>Header Files</Filter>
    </ClInclude>
    <ClInclude Include="..\include\innative\opcodes.h">
      <Filter>include</Filter>
    </ClInclude>
    <ClInclude Include="..\include\innative\errors.h">
      <Filter>include</Filter>
    </ClInclude>
    <ClInclude Include="..\include\innative\flags.h">
      <Filter>include</Filter>
    </ClInclude>
    <ClInclude Include="llvm.h">
      <Filter>Header Files</Filter>
    </ClInclude>
    <ClInclude Include="filesys.h">
      <Filter>Header Files</Filter>
    </ClInclude>
    <ClInclude Include="link.h">
      <Filter>Header Files</Filter>
    </ClInclude>
    <ClInclude Include="..\include\innative\sourcemap.h">
      <Filter>include</Filter>
    </ClInclude>
    <ClInclude Include="..\include\innative\module.h">
      <Filter>include</Filter>
    </ClInclude>
    <ClInclude Include="debug.h">
      <Filter>Header Files</Filter>
    </ClInclude>
    <ClInclude Include="debug_sourcemap.h">
      <Filter>Header Files</Filter>
    </ClInclude>
    <ClInclude Include="debug_wat.h">
      <Filter>Header Files</Filter>
    </ClInclude>
    <ClInclude Include="debug_pdb.h">
      <Filter>Header Files</Filter>
    </ClInclude>
    <ClInclude Include="debug_dwarf.h">
      <Filter>Header Files</Filter>
    </ClInclude>
    <ClInclude Include="dwarf_parser.h">
      <Filter>Header Files</Filter>
    </ClInclude>
    <ClInclude Include="utility.h">
      <Filter>Header Files</Filter>
    </ClInclude>
  </ItemGroup>
  <ItemGroup>
    <ResourceCompile Include="innative.rc">
      <Filter>Resource Files</Filter>
    </ResourceCompile>
  </ItemGroup>
  <ItemGroup>
    <MASM Include="x86_64.asm">
      <Filter>Source Files</Filter>
    </MASM>
  </ItemGroup>
</Project>